
Microsoft Visual Studio Solution File, Format Version 12.00
# Visual Studio 15
VisualStudioVersion = 15.0.27130.2003
MinimumVisualStudioVersion = 10.0.40219.1
Project("{FAE04EC0-301F-11D3-BF4B-00C04F79EFBC}") = "WebP2PClient", "WebP2PClient\WebP2PClient.csproj", "{7B9D0907-E3D7-4A19-9BA9-2F7D5944DB70}"
EndProject
Global
	GlobalSection(SolutionConfigurationPlatforms) = preSolution
		Debug|Any CPU = Debug|Any CPU
		Release|Any CPU = Release|Any CPU
	EndGlobalSection
	GlobalSection(ProjectConfigurationPlatforms) = postSolution
		{7B9D0907-E3D7-4A19-9BA9-2F7D5944DB70}.Debug|Any CPU.ActiveCfg = Debug|Any CPU
		{7B9D0907-E3D7-4A19-9BA9-2F7D5944DB70}.Debug|Any CPU.Build.0 = Debug|Any CPU
		{7B9D0907-E3D7-4A19-9BA9-2F7D5944DB70}.Release|Any CPU.ActiveCfg = Release|Any CPU
		{7B9D0907-E3D7-4A19-9BA9-2F7D5944DB70}.Release|Any CPU.Build.0 = Release|Any CPU
	EndGlobalSection
	GlobalSection(SolutionProperties) = preSolution
		HideSolutionNode = FALSE
	EndGlobalSection
	GlobalSection(ExtensibilityGlobals) = postSolution
		SolutionGuid = {0180AD00-63C9-45D8-AAF4-AF2FA1B6CEE1}
	EndGlobalSection
EndGlobal
